{
  "requires": true,
  "lockfileVersion": 1,
  "dependencies": {
    "cordova-plugin-battery-status": {
      "version": "1.2.5",
      "resolved": "https://registry.npmjs.org/cordova-plugin-battery-status/-/cordova-plugin-battery-status-1.2.5.tgz",
      "integrity": "sha1-bGSPmzz1qwNLlcXP/lhPVXbULKk=",
      "dev": true
    },
    "cordova-plugin-camera": {
      "version": "2.4.1",
      "resolved": "https://registry.npmjs.org/cordova-plugin-camera/-/cordova-plugin-camera-2.4.1.tgz",
      "integrity": "sha1-GV404S22TxxJ52T31OPyYao9lME=",
      "dev": true
    },
    "cordova-plugin-device": {
      "version": "1.1.7",
      "resolved": "https://registry.npmjs.org/cordova-plugin-device/-/cordova-plugin-device-1.1.7.tgz",
      "integrity": "sha1-/JQRG+aTJijGaGiTjd89yCyfv+Y=",
      "dev": true
    },
    "cordova-plugin-dialogs": {
      "version": "1.3.4",
      "resolved": "https://registry.npmjs.org/cordova-plugin-dialogs/-/cordova-plugin-dialogs-1.3.4.tgz",
      "integrity": "sha1-XMlm7nyZsvW1s934SQAmKLDacVc=",
      "dev": true
    },
    "cordova-plugin-exitapp2": {
      "version": "1.0.4",
      "resolved": "https://registry.npmjs.org/cordova-plugin-exitapp2/-/cordova-plugin-exitapp2-1.0.4.tgz",
      "integrity": "sha1-vFofoIryT7RApSkVGZL5DWk2cC0="
    },
    "cordova-plugin-file": {
      "version": "4.3.3",
      "resolved": "https://registry.npmjs.org/cordova-plugin-file/-/cordova-plugin-file-4.3.3.tgz",
      "integrity": "sha1-AS6Xqhr7kfhJFuY0G1SDZtI96bk=",
      "dev": true
    },
    "cordova-plugin-geolocation": {
      "version": "2.4.3",
      "resolved": "https://registry.npmjs.org/cordova-plugin-geolocation/-/cordova-plugin-geolocation-2.4.3.tgz",
      "integrity": "sha1-HdAAI9Hxos4zD4dn7Qj3tzj+cYQ=",
      "dev": true
    },
    "cordova-plugin-globalization": {
      "version": "1.0.9",
      "resolved": "https://registry.npmjs.org/cordova-plugin-globalization/-/cordova-plugin-globalization-1.0.9.tgz",
      "integrity": "sha1-RluZmP7qC4iIRNCc19oCv6Jst6M=",
      "dev": true
    },
    "cordova-plugin-inappbrowser": {
      "version": "3.1.0",
      "resolved": "https://registry.npmjs.org/cordova-plugin-inappbrowser/-/cordova-plugin-inappbrowser-3.1.0.tgz",
      "integrity": "sha512-YqrZfYgbGTS20SFID0mrRxud312VH072QVlFonCAkPgtGg1Svy7lELOCNFd+KU7t4mVtZeTEjZPEeefvjaetwQ==",
      "dev": true
    },
    "cordova-plugin-media-capture": {
      "version": "1.4.3",
      "resolved": "https://registry.npmjs.org/cordova-plugin-media-capture/-/cordova-plugin-media-capture-1.4.3.tgz",
      "integrity": "sha1-IOO74zT7uJ9iSwIYjqxTcnQ5IPo=",
      "dev": true
    },
    "cordova-plugin-network-information": {
      "version": "1.3.4",
      "resolved": "https://registry.npmjs.org/cordova-plugin-network-information/-/cordova-plugin-network-information-1.3.4.tgz",
      "integrity": "sha1-KPQmzCZZF03GIqBxgPm6DYVfc4M=",
      "dev": true
    },
    "cordova-plugin-progressdialog": {
      "version": "2.0.2",
      "resolved": "https://registry.npmjs.org/cordova-plugin-progressdialog/-/cordova-plugin-progressdialog-2.0.2.tgz",
      "integrity": "sha512-WHNpJlPt9huEpv7xHzwOxfS3RKzkyn+8+s6XPjU1our23sdEGUgxzRcLNzrt3wiU5OZi173yoy95SrUh5Hbwkg==",
      "requires": {
        "user": "0.0.0"
      }
    },
    "cordova-plugin-statusbar": {
      "version": "2.4.3",
      "resolved": "https://registry.npmjs.org/cordova-plugin-statusbar/-/cordova-plugin-statusbar-2.4.3.tgz",
      "integrity": "sha512-ThmXzl6QIKWFXf4wWw7Q/zpB+VKkz3VM958+5A0sXD4jmR++u7KnGttLksXshVwWr6lvGwUebLYtIyXwS4Ovcg=="
    },
    "cordova-plugin-vibration": {
      "version": "2.1.6",
      "resolved": "https://registry.npmjs.org/cordova-plugin-vibration/-/cordova-plugin-vibration-2.1.6.tgz",
      "integrity": "sha1-5XKViSzxXkSwyZ+P60R3Q5XLSj4=",
      "dev": true
    },
    "cordova-plugin-whitelist": {
      "version": "1.3.4",
      "resolved": "https://registry.npmjs.org/cordova-plugin-whitelist/-/cordova-plugin-whitelist-1.3.4.tgz",
      "integrity": "sha512-EYC5eQFVkoYXq39l7tYKE6lEjHJ04mvTmKXxGL7quHLdFPfJMNzru/UYpn92AOfpl3PQaZmou78C7EgmFOwFQQ=="
    },
    "cordova-support-google-services": {
      "version": "1.3.2",
      "resolved": "https://registry.npmjs.org/cordova-support-google-services/-/cordova-support-google-services-1.3.2.tgz",
      "integrity": "sha512-RtEWzULreUX662MFWopGhFispLiHX7gUf2GijPOC2mY2oCNuUobj2mO4tl5q7PYbOreSxq+PrSekhmS6TAAWdw=="
    },
    "phonegap-plugin-multidex": {
      "version": "1.0.0",
      "resolved": "https://registry.npmjs.org/phonegap-plugin-multidex/-/phonegap-plugin-multidex-1.0.0.tgz",
      "integrity": "sha512-1wvc3iQOQpEBaQbXgLxA2JUiLSQ2azdF/bF29ghXDiQJWSpQ1BF8gSuqttM8WZoj081Ps8OKL0gYxdDBkFNPqA=="
    },
    "user": {
      "version": "0.0.0",
      "resolved": "https://registry.npmjs.org/user/-/user-0.0.0.tgz",
      "integrity": "sha1-8n8bI/xRHyqO+kDbVc+6Ejgk4Co="
    }
  }
}
